
Microsoft Visual Studio Solution File, Format Version 12.00
# Visual Studio Version 17
VisualStudioVersion = 17.11.35431.28
MinimumVisualStudioVersion = 10.0.40219.1
Project("{8BC9CEB8-8B4A-11D0-8D11-00A0C91BC942}") = "ilolpex1", "ilolpex1.vcxproj", "{A5334DE3-5DEE-4223-9634-3468597998BB}"
EndProject
Global
	GlobalSection(SolutionConfigurationPlatforms) = preSolution
		Debug|x64 = Debug|x64
		Release|x64 = Release|x64
	EndGlobalSection
	GlobalSection(ProjectConfigurationPlatforms) = postSolution
		{A5334DE3-5DEE-4223-9634-3468597998BB}.Debug|x64.ActiveCfg = Debug|x64
		{A5334DE3-5DEE-4223-9634-3468597998BB}.Debug|x64.Build.0 = Debug|x64
		{A5334DE3-5DEE-4223-9634-3468597998BB}.Release|x64.ActiveCfg = Release|x64
		{A5334DE3-5DEE-4223-9634-3468597998BB}.Release|x64.Build.0 = Release|x64
	EndGlobalSection
	GlobalSection(SolutionProperties) = preSolution
		HideSolutionNode = FALSE
	EndGlobalSection
	GlobalSection(ExtensibilityGlobals) = postSolution
		SolutionGuid = {4A35818B-DAFE-44D9-9D11-8A68EB5A2DA9}
	EndGlobalSection
EndGlobal
